
Microsoft Visual Studio Solution File, Format Version 12.00
# Visual Studio 15
VisualStudioVersion = 15.0.27130.2010
MinimumVisualStudioVersion = 10.0.40219.1
Project("{FAE04EC0-301F-11D3-BF4B-00C04F79EFBC}") = "CountdownClock", "CountdownClock\CountdownClock.csproj", "{4116F7B9-04EA-4263-BAB5-1036D5051AF0}"
EndProject
Global
	GlobalSection(SolutionConfigurationPlatforms) = preSolution
		Debug|Any CPU = Debug|Any CPU
		Release|Any CPU = Release|Any CPU
	EndGlobalSection
	GlobalSection(ProjectConfigurationPlatforms) = postSolution
		{4116F7B9-04EA-4263-BAB5-1036D5051AF0}.Debug|Any CPU.ActiveCfg = Debug|Any CPU
		{4116F7B9-04EA-4263-BAB5-1036D5051AF0}.Debug|Any CPU.Build.0 = Debug|Any CPU
		{4116F7B9-04EA-4263-BAB5-1036D5051AF0}.Release|Any CPU.ActiveCfg = Release|Any CPU
		{4116F7B9-04EA-4263-BAB5-1036D5051AF0}.Release|Any CPU.Build.0 = Release|Any CPU
	EndGlobalSection
	GlobalSection(SolutionProperties) = preSolution
		HideSolutionNode = FALSE
	EndGlobalSection
	GlobalSection(ExtensibilityGlobals) = postSolution
		SolutionGuid = {8FA38462-EC16-4210-835E-FC153A33B849}
	EndGlobalSection
EndGlobal
